// !$*UTF8*$!
{
	archiveVersion = 1;
	classes = {
	};
	objectVersion = 51;
	objects = {

/* Begin PBXBuildFile section */
		8E3D8B9D22B8EFC60087BD99 /* RandomNumberGenerator.swift in Sources */ = {isa = PBXBuildFile; fileRef = 8E3D8B9C22B8EFC60087BD99 /* RandomNumberGenerator.swift */; };
		8E4D289822B919BE00165504 /* GoogleService-Info.plist in Resources */ = {isa = PBXBuildFile; fileRef = 8E4D289722B919BE00165504 /* GoogleService-Info.plist */; };
		8E4D289A22B91BCD00165504 /* FirebaseService.swift in Sources */ = {isa = PBXBuildFile; fileRef = 8E4D289922B91BCD00165504 /* FirebaseService.swift */; };
		8E72C7A922B070A700CFA087 /* AppDelegate.swift in Sources */ = {isa = PBXBuildFile; fileRef = 8E72C7A822B070A700CFA087 /* AppDelegate.swift */; };
		8E72C7AB22B070A700CFA087 /* MazeViewController.swift in Sources */ = {isa = PBXBuildFile; fileRef = 8E72C7AA22B070A700CFA087 /* MazeViewController.swift */; };
		8E72C7B022B070A800CFA087 /* Assets.xcassets in Resources */ = {isa = PBXBuildFile; fileRef = 8E72C7AF22B070A800CFA087 /* Assets.xcassets */; };
		8E72C7B322B070A800CFA087 /* LaunchScreen.storyboard in Resources */ = {isa = PBXBuildFile; fileRef = 8E72C7B122B070A800CFA087 /* LaunchScreen.storyboard */; };
		8E72C7BE22B070A800CFA087 /* MazeGeneratorServiceTests.swift in Sources */ = {isa = PBXBuildFile; fileRef = 8E72C7BD22B070A800CFA087 /* MazeGeneratorServiceTests.swift */; };
		8E72C7C922B0725600CFA087 /* MazeGenerator.swift in Sources */ = {isa = PBXBuildFile; fileRef = 8E72C7C822B0725600CFA087 /* MazeGenerator.swift */; };
		8E72C7CB22B0CACD00CFA087 /* MazeGrid.swift in Sources */ = {isa = PBXBuildFile; fileRef = 8E72C7CA22B0CACD00CFA087 /* MazeGrid.swift */; };
		8E72C7CD22B1B10C00CFA087 /* MazeCell.swift in Sources */ = {isa = PBXBuildFile; fileRef = 8E72C7CC22B1B10C00CFA087 /* MazeCell.swift */; };
		8E72C7CF22B1C4DF00CFA087 /* UIView_Extension.swift in Sources */ = {isa = PBXBuildFile; fileRef = 8E72C7CE22B1C4DF00CFA087 /* UIView_Extension.swift */; };
		92E4B8D35DD6B2B27F088473 /* Pods_MazeGeneratorTests.framework in Frameworks */ = {isa = PBXBuildFile; fileRef = 1F6FF4E64BA2C33E65773B69 /* Pods_MazeGeneratorTests.framework */; };
		ACF5E5F42CC4041B6476671C /* Pods_MazeGenerator.framework in Frameworks */ = {isa = PBXBuildFile; fileRef = E6296D529A4902F888DFF933 /* Pods_MazeGenerator.framework */; };
/* End PBXBuildFile section */

/* Begin PBXContainerItemProxy section */
		8E72C7BA22B070A800CFA087 /* PBXContainerItemProxy */ = {
			isa = PBXContainerItemProxy;
			containerPortal = 8E72C79D22B070A700CFA087 /* Project object */;
			proxyType = 1;
			remoteGlobalIDString = 8E72C7A422B070A700CFA087;
			remoteInfo = MazeGenerator;
		};
/* End PBXContainerItemProxy section */

/* Begin PBXFileReference section */
		1F6FF4E64BA2C33E65773B69 /* Pods_MazeGeneratorTests.framework */ = {isa = PBXFileReference; explicitFileType = wrapper.framework; includeInIndex = 0; path = Pods_MazeGeneratorTests.framework; sourceTree = BUILT_PRODUCTS_DIR; };
		2A151141EE80CC0818333C1B /* Pods-MazeGenerator.debug.xcconfig */ = {isa = PBXFileReference; includeInIndex = 1; lastKnownFileType = text.xcconfig; name = "Pods-MazeGenerator.debug.xcconfig"; path = "Target Support Files/Pods-MazeGenerator/Pods-MazeGenerator.debug.xcconfig"; sourceTree = "<group>"; };
		3BC11A985A393C77537FC3E3 /* Pods-MazeGeneratorTests.release.xcconfig */ = {isa = PBXFileReference; includeInIndex = 1; lastKnownFileType = text.xcconfig; name = "Pods-MazeGeneratorTests.release.xcconfig"; path = "Target Support Files/Pods-MazeGeneratorTests/Pods-MazeGeneratorTests.release.xcconfig"; sourceTree = "<group>"; };
		8E3D8B9C22B8EFC60087BD99 /* RandomNumberGenerator.swift */ = {isa = PBXFileReference; lastKnownFileType = sourcecode.swift; path = RandomNumberGenerator.swift; sourceTree = "<group>"; };
		8E4D289722B919BE00165504 /* GoogleService-Info.plist */ = {isa = PBXFileReference; fileEncoding = 4; lastKnownFileType = text.plist.xml; path = "GoogleService-Info.plist"; sourceTree = "<group>"; };
		8E4D289922B91BCD00165504 /* FirebaseService.swift */ = {isa = PBXFileReference; lastKnownFileType = sourcecode.swift; path = FirebaseService.swift; sourceTree = "<group>"; };
		8E72C7A522B070A700CFA087 /* MazeGenerator.app */ = {isa = PBXFileReference; explicitFileType = wrapper.application; includeInIndex = 0; path = MazeGenerator.app; sourceTree = BUILT_PRODUCTS_DIR; };
		8E72C7A822B070A700CFA087 /* AppDelegate.swift */ = {isa = PBXFileReference; lastKnownFileType = sourcecode.swift; path = AppDelegate.swift; sourceTree = "<group>"; };
		8E72C7AA22B070A700CFA087 /* MazeViewController.swift */ = {isa = PBXFileReference; lastKnownFileType = sourcecode.swift; path = MazeViewController.swift; sourceTree = "<group>"; };
		8E72C7AF22B070A800CFA087 /* Assets.xcassets */ = {isa = PBXFileReference; lastKnownFileType = folder.assetcatalog; path = Assets.xcassets; sourceTree = "<group>"; };
		8E72C7B222B070A800CFA087 /* Base */ = {isa = PBXFileReference; lastKnownFileType = file.storyboard; name = Base; path = Base.lproj/LaunchScreen.storyboard; sourceTree = "<group>"; };
		8E72C7B422B070A800CFA087 /* Info.plist */ = {isa = PBXFileReference; lastKnownFileType = text.plist.xml; path = Info.plist; sourceTree = "<group>"; };
		8E72C7B922B070A800CFA087 /* MazeGeneratorTests.xctest */ = {isa = PBXFileReference; explicitFileType = wrapper.cfbundle; includeInIndex = 0; path = MazeGeneratorTests.xctest; sourceTree = BUILT_PRODUCTS_DIR; };
		8E72C7BD22B070A800CFA087 /* MazeGeneratorServiceTests.swift */ = {isa = PBXFileReference; lastKnownFileType = sourcecode.swift; path = MazeGeneratorServiceTests.swift; sourceTree = "<group>"; };
		8E72C7BF22B070A800CFA087 /* Info.plist */ = {isa = PBXFileReference; lastKnownFileType = text.plist.xml; path = Info.plist; sourceTree = "<group>"; };
		8E72C7C822B0725600CFA087 /* MazeGenerator.swift */ = {isa = PBXFileReference; lastKnownFileType = sourcecode.swift; path = MazeGenerator.swift; sourceTree = "<group>"; };
		8E72C7CA22B0CACD00CFA087 /* MazeGrid.swift */ = {isa = PBXFileReference; lastKnownFileType = sourcecode.swift; path = MazeGrid.swift; sourceTree = "<group>"; };
		8E72C7CC22B1B10C00CFA087 /* MazeCell.swift */ = {isa = PBXFileReference; lastKnownFileType = sourcecode.swift; path = MazeCell.swift; sourceTree = "<group>"; };
		8E72C7CE22B1C4DF00CFA087 /* UIView_Extension.swift */ = {isa = PBXFileReference; lastKnownFileType = sourcecode.swift; path = UIView_Extension.swift; sourceTree = "<group>"; };
		AAE7ACFCEF951355AEB0E4C7 /* Pods-MazeGeneratorTests.debug.xcconfig */ = {isa = PBXFileReference; includeInIndex = 1; lastKnownFileType = text.xcconfig; name = "Pods-MazeGeneratorTests.debug.xcconfig"; path = "Target Support Files/Pods-MazeGeneratorTests/Pods-MazeGeneratorTests.debug.xcconfig"; sourceTree = "<group>"; };
		E6296D529A4902F888DFF933 /* Pods_MazeGenerator.framework */ = {isa = PBXFileReference; explicitFileType = wrapper.framework; includeInIndex = 0; path = Pods_MazeGenerator.framework; sourceTree = BUILT_PRODUCTS_DIR; };
		F0FE1CFE6525C1CAD083555D /* Pods-MazeGenerator.release.xcconfig */ = {isa = PBXFileReference; includeInIndex = 1; lastKnownFileType = text.xcconfig; name = "Pods-MazeGenerator.release.xcconfig"; path = "Target Support Files/Pods-MazeGenerator/Pods-MazeGenerator.release.xcconfig"; sourceTree = "<group>"; };
/* End PBXFileReference section */

/* Begin PBXFrameworksBuildPhase section */
		8E72C7A222B070A700CFA087 /* Frameworks */ = {
			isa = PBXFrameworksBuildPhase;
			buildActionMask = 2147483647;
			files = (
				ACF5E5F42CC4041B6476671C /* Pods_MazeGenerator.framework in Frameworks */,
			);
			runOnlyForDeploymentPostprocessing = 0;
		};
		8E72C7B622B070A800CFA087 /* Frameworks */ = {
			isa = PBXFrameworksBuildPhase;
			buildActionMask = 2147483647;
			files = (
				92E4B8D35DD6B2B27F088473 /* Pods_MazeGeneratorTests.framework in Frameworks */,
			);
			runOnlyForDeploymentPostprocessing = 0;
		};
/* End PBXFrameworksBuildPhase section */

/* Begin PBXGroup section */
		8E3D8B9E22B8FCE10087BD99 /* Helper Classes */ = {
			isa = PBXGroup;
			children = (
				8E3D8B9C22B8EFC60087BD99 /* RandomNumberGenerator.swift */,
				8E72C7C822B0725600CFA087 /* MazeGenerator.swift */,
				8E4D289922B91BCD00165504 /* FirebaseService.swift */,
			);
			path = "Helper Classes";
			sourceTree = "<group>";
		};
		8E3D8B9F22B8FD090087BD99 /* Extensions */ = {
			isa = PBXGroup;
			children = (
				8E72C7CE22B1C4DF00CFA087 /* UIView_Extension.swift */,
			);
			path = Extensions;
			sourceTree = "<group>";
		};
		8E3D8BA022B8FD2A0087BD99 /* Views */ = {
			isa = PBXGroup;
			children = (
				8E72C7CC22B1B10C00CFA087 /* MazeCell.swift */,
			);
			path = Views;
			sourceTree = "<group>";
		};
		8E72C79C22B070A700CFA087 = {
			isa = PBXGroup;
			children = (
				8E72C7A722B070A700CFA087 /* MazeGenerator */,
				8E72C7BC22B070A800CFA087 /* MazeGeneratorTests */,
				8E72C7A622B070A700CFA087 /* Products */,
				DEDBF9E90AFF171D827344F7 /* Pods */,
				C47AF5A7289B9564853DB15D /* Frameworks */,
			);
			sourceTree = "<group>";
		};
		8E72C7A622B070A700CFA087 /* Products */ = {
			isa = PBXGroup;
			children = (
				8E72C7A522B070A700CFA087 /* MazeGenerator.app */,
				8E72C7B922B070A800CFA087 /* MazeGeneratorTests.xctest */,
			);
			name = Products;
			sourceTree = "<group>";
		};
		8E72C7A722B070A700CFA087 /* MazeGenerator */ = {
			isa = PBXGroup;
			children = (
				8E72C7A822B070A700CFA087 /* AppDelegate.swift */,
				8E72C7AA22B070A700CFA087 /* MazeViewController.swift */,
				8E72C7CA22B0CACD00CFA087 /* MazeGrid.swift */,
				8E3D8BA022B8FD2A0087BD99 /* Views */,
				8E3D8B9E22B8FCE10087BD99 /* Helper Classes */,
				8E3D8B9F22B8FD090087BD99 /* Extensions */,
				8E72C7AF22B070A800CFA087 /* Assets.xcassets */,
				8E72C7B122B070A800CFA087 /* LaunchScreen.storyboard */,
				8E4D289722B919BE00165504 /* GoogleService-Info.plist */,
				8E72C7B422B070A800CFA087 /* Info.plist */,
			);
			path = MazeGenerator;
			sourceTree = "<group>";
		};
		8E72C7BC22B070A800CFA087 /* MazeGeneratorTests */ = {
			isa = PBXGroup;
			children = (
				8E72C7BD22B070A800CFA087 /* MazeGeneratorServiceTests.swift */,
				8E72C7BF22B070A800CFA087 /* Info.plist */,
			);
			path = MazeGeneratorTests;
			sourceTree = "<group>";
		};
		C47AF5A7289B9564853DB15D /* Frameworks */ = {
			isa = PBXGroup;
			children = (
				E6296D529A4902F888DFF933 /* Pods_MazeGenerator.framework */,
				1F6FF4E64BA2C33E65773B69 /* Pods_MazeGeneratorTests.framework */,
			);
			name = Frameworks;
			sourceTree = "<group>";
		};
		DEDBF9E90AFF171D827344F7 /* Pods */ = {
			isa = PBXGroup;
			children = (
				2A151141EE80CC0818333C1B /* Pods-MazeGenerator.debug.xcconfig */,
				F0FE1CFE6525C1CAD083555D /* Pods-MazeGenerator.release.xcconfig */,
				AAE7ACFCEF951355AEB0E4C7 /* Pods-MazeGeneratorTests.debug.xcconfig */,
				3BC11A985A393C77537FC3E3 /* Pods-MazeGeneratorTests.release.xcconfig */,
			);
			path = Pods;
			sourceTree = "<group>";
		};
/* End PBXGroup section */

/* Begin PBXNativeTarget section */
		8E72C7A422B070A700CFA087 /* MazeGenerator */ = {
			isa = PBXNativeTarget;
			buildConfigurationList = 8E72C7C222B070A800CFA087 /* Build configuration list for PBXNativeTarget "MazeGenerator" */;
			buildPhases = (
				9C1DE8BA97A19D9B2A4D9F88 /* [CP] Check Pods Manifest.lock */,
				8E72C7A122B070A700CFA087 /* Sources */,
				8E72C7A222B070A700CFA087 /* Frameworks */,
				8E72C7A322B070A700CFA087 /* Resources */,
				3A47562845318D16C2B87A35 /* [CP] Embed Pods Frameworks */,
			);
			buildRules = (
			);
			dependencies = (
			);
			name = MazeGenerator;
			productName = MazeGenerator;
			productReference = 8E72C7A522B070A700CFA087 /* MazeGenerator.app */;
			productType = "com.apple.product-type.application";
		};
		8E72C7B822B070A800CFA087 /* MazeGeneratorTests */ = {
			isa = PBXNativeTarget;
			buildConfigurationList = 8E72C7C522B070A800CFA087 /* Build configuration list for PBXNativeTarget "MazeGeneratorTests" */;
			buildPhases = (
				CB79D2E1A858FD85B0AC1A25 /* [CP] Check Pods Manifest.lock */,
				8E72C7B522B070A800CFA087 /* Sources */,
				8E72C7B622B070A800CFA087 /* Frameworks */,
				8E72C7B722B070A800CFA087 /* Resources */,
			);
			buildRules = (
			);
			dependencies = (
				8E72C7BB22B070A800CFA087 /* PBXTargetDependency */,
			);
			name = MazeGeneratorTests;
			productName = MazeGeneratorTests;
			productReference = 8E72C7B922B070A800CFA087 /* MazeGeneratorTests.xctest */;
			productType = "com.apple.product-type.bundle.unit-test";
		};
/* End PBXNativeTarget section */

/* Begin PBXProject section */
		8E72C79D22B070A700CFA087 /* Project object */ = {
			isa = PBXProject;
			attributes = {
				LastSwiftUpdateCheck = 1020;
				LastUpgradeCheck = 1020;
				ORGANIZATIONNAME = "Hoang Luong";
				TargetAttributes = {
					8E72C7A422B070A700CFA087 = {
						CreatedOnToolsVersion = 10.2.1;
					};
					8E72C7B822B070A800CFA087 = {
						CreatedOnToolsVersion = 10.2.1;
						TestTargetID = 8E72C7A422B070A700CFA087;
					};
				};
			};
			buildConfigurationList = 8E72C7A022B070A700CFA087 /* Build configuration list for PBXProject "MazeGenerator" */;
			compatibilityVersion = "Xcode 9.3";
			developmentRegion = en;
			hasScannedForEncodings = 0;
			knownRegions = (
				en,
				Base,
			);
			mainGroup = 8E72C79C22B070A700CFA087;
			productRefGroup = 8E72C7A622B070A700CFA087 /* Products */;
			projectDirPath = "";
			projectRoot = "";
			targets = (
				8E72C7A422B070A700CFA087 /* MazeGenerator */,
				8E72C7B822B070A800CFA087 /* MazeGeneratorTests */,
			);
		};
/* End PBXProject section */

/* Begin PBXResourcesBuildPhase section */
		8E72C7A322B070A700CFA087 /* Resources */ = {
			isa = PBXResourcesBuildPhase;
			buildActionMask = 2147483647;
			files = (
				8E72C7B322B070A800CFA087 /* LaunchScreen.storyboard in Resources */,
				8E4D289822B919BE00165504 /* GoogleService-Info.plist in Resources */,
				8E72C7B022B070A800CFA087 /* Assets.xcassets in Resources */,
			);
			runOnlyForDeploymentPostprocessing = 0;
		};
		8E72C7B722B070A800CFA087 /* Resources */ = {
			isa = PBXResourcesBuildPhase;
			buildActionMask = 2147483647;
			files = (
			);
			runOnlyForDeploymentPostprocessing = 0;
		};
/* End PBXResourcesBuildPhase section */

/* Begin PBXShellScriptBuildPhase section */
		3A47562845318D16C2B87A35 /* [CP] Embed Pods Frameworks */ = {
			isa = PBXShellScriptBuildPhase;
			buildActionMask = 2147483647;
			files = (
			);
			inputFileListPaths = (
				"${PODS_ROOT}/Target Support Files/Pods-MazeGenerator/Pods-MazeGenerator-frameworks-${CONFIGURATION}-input-files.xcfilelist",
			);
			name = "[CP] Embed Pods Frameworks";
			outputFileListPaths = (
				"${PODS_ROOT}/Target Support Files/Pods-MazeGenerator/Pods-MazeGenerator-frameworks-${CONFIGURATION}-output-files.xcfilelist",
			);
			runOnlyForDeploymentPostprocessing = 0;
			shellPath = /bin/sh;
			shellScript = "\"${PODS_ROOT}/Target Support Files/Pods-MazeGenerator/Pods-MazeGenerator-frameworks.sh\"\n";
			showEnvVarsInLog = 0;
		};
		9C1DE8BA97A19D9B2A4D9F88 /* [CP] Check Pods Manifest.lock */ = {
			isa = PBXShellScriptBuildPhase;
			buildActionMask = 2147483647;
			files = (
			);
			inputFileListPaths = (
			);
			inputPaths = (
				"${PODS_PODFILE_DIR_PATH}/Podfile.lock",
				"${PODS_ROOT}/Manifest.lock",
			);
			name = "[CP] Check Pods Manifest.lock";
			outputFileListPaths = (
			);
			outputPaths = (
				"$(DERIVED_FILE_DIR)/Pods-MazeGenerator-checkManifestLockResult.txt",
			);
			runOnlyForDeploymentPostprocessing = 0;
			shellPath = /bin/sh;
			shellScript = "diff \"${PODS_PODFILE_DIR_PATH}/Podfile.lock\" \"${PODS_ROOT}/Manifest.lock\" > /dev/null\nif [ $? != 0 ] ; then\n    # print error to STDERR\n    echo \"error: The sandbox is not in sync with the Podfile.lock. Run 'pod install' or update your CocoaPods installation.\" >&2\n    exit 1\nfi\n# This output is used by Xcode 'outputs' to avoid re-running this script phase.\necho \"SUCCESS\" > \"${SCRIPT_OUTPUT_FILE_0}\"\n";
			showEnvVarsInLog = 0;
		};
		CB79D2E1A858FD85B0AC1A25 /* [CP] Check Pods Manifest.lock */ = {
			isa = PBXShellScriptBuildPhase;
			buildActionMask = 2147483647;
			files = (
			);
			inputFileListPaths = (
			);
			inputPaths = (
				"${PODS_PODFILE_DIR_PATH}/Podfile.lock",
				"${PODS_ROOT}/Manifest.lock",
			);
			name = "[CP] Check Pods Manifest.lock";
			outputFileListPaths = (
			);
			outputPaths = (
				"$(DERIVED_FILE_DIR)/Pods-MazeGeneratorTests-checkManifestLockResult.txt",
			);
			runOnlyForDeploymentPostprocessing = 0;
			shellPath = /bin/sh;
			shellScript = "diff \"${PODS_PODFILE_DIR_PATH}/Podfile.lock\" \"${PODS_ROOT}/Manifest.lock\" > /dev/null\nif [ $? != 0 ] ; then\n    # print error to STDERR\n    echo \"error: The sandbox is not in sync with the Podfile.lock. Run 'pod install' or update your CocoaPods installation.\" >&2\n    exit 1\nfi\n# This output is used by Xcode 'outputs' to avoid re-running this script phase.\necho \"SUCCESS\" > \"${SCRIPT_OUTPUT_FILE_0}\"\n";
			showEnvVarsInLog = 0;
		};
/* End PBXShellScriptBuildPhase section */

/* Begin PBXSourcesBuildPhase section */
		8E72C7A122B070A700CFA087 /* Sources */ = {
			isa = PBXSourcesBuildPhase;
			buildActionMask = 2147483647;
			files = (
				8E72C7CB22B0CACD00CFA087 /* MazeGrid.swift in Sources */,
				8E72C7AB22B070A700CFA087 /* MazeViewController.swift in Sources */,
				8E4D289A22B91BCD00165504 /* FirebaseService.swift in Sources */,
				8E72C7CF22B1C4DF00CFA087 /* UIView_Extension.swift in Sources */,
				8E72C7A922B070A700CFA087 /* AppDelegate.swift in Sources */,
				8E72C7C922B0725600CFA087 /* MazeGenerator.swift in Sources */,
				8E3D8B9D22B8EFC60087BD99 /* RandomNumberGenerator.swift in Sources */,
				8E72C7CD22B1B10C00CFA087 /* MazeCell.swift in Sources */,
			);
			runOnlyForDeploymentPostprocessing = 0;
		};
		8E72C7B522B070A800CFA087 /* Sources */ = {
			isa = PBXSourcesBuildPhase;
			buildActionMask = 2147483647;
			files = (
				8E72C7BE22B070A800CFA087 /* MazeGeneratorServiceTests.swift in Sources */,
			);
			runOnlyForDeploymentPostprocessing = 0;
		};
/* End PBXSourcesBuildPhase section */

/* Begin PBXTargetDependency section */
		8E72C7BB22B070A800CFA087 /* PBXTargetDependency */ = {
			isa = PBXTargetDependency;
			target = 8E72C7A422B070A700CFA087 /* MazeGenerator */;
			targetProxy = 8E72C7BA22B070A800CFA087 /* PBXContainerItemProxy */;
		};
/* End PBXTargetDependency section */

/* Begin PBXVariantGroup section */
		8E72C7B122B070A800CFA087 /* LaunchScreen.storyboard */ = {
			isa = PBXVariantGroup;
			children = (
				8E72C7B222B070A800CFA087 /* Base */,
			);
			name = LaunchScreen.storyboard;
			sourceTree = "<group>";
		};
/* End PBXVariantGroup section */

/* Begin XCBuildConfiguration section */
		8E72C7C022B070A800CFA087 /* Debug */ = {
			isa = XCBuildConfiguration;
			buildSettings = {
				ALWAYS_SEARCH_USER_PATHS = NO;
				CLANG_ANALYZER_NONNULL = YES;
				CLANG_ANALYZER_NUMBER_OBJECT_CONVERSION = YES_AGGRESSIVE;
				CLANG_CXX_LANGUAGE_STANDARD = "gnu++14";
				CLANG_CXX_LIBRARY = "libc++";
				CLANG_ENABLE_MODULES = YES;
				CLANG_ENABLE_OBJC_ARC = YES;
				CLANG_ENABLE_OBJC_WEAK = YES;
				CLANG_WARN_BLOCK_CAPTURE_AUTORELEASING = YES;
				CLANG_WARN_BOOL_CONVERSION = YES;
				CLANG_WARN_COMMA = YES;
				CLANG_WARN_CONSTANT_CONVERSION = YES;
				CLANG_WARN_DEPRECATED_OBJC_IMPLEMENTATIONS = YES;
				CLANG_WARN_DIRECT_OBJC_ISA_USAGE = YES_ERROR;
				CLANG_WARN_DOCUMENTATION_COMMENTS = YES;
				CLANG_WARN_EMPTY_BODY = YES;
				CLANG_WARN_ENUM_CONVERSION = YES;
				CLANG_WARN_INFINITE_RECURSION = YES;
				CLANG_WARN_INT_CONVERSION = YES;
				CLANG_WARN_NON_LITERAL_NULL_CONVERSION = YES;
				CLANG_WARN_OBJC_IMPLICIT_RETAIN_SELF = YES;
				CLANG_WARN_OBJC_LITERAL_CONVERSION = YES;
				CLANG_WARN_OBJC_ROOT_CLASS = YES_ERROR;
				CLANG_WARN_RANGE_LOOP_ANALYSIS = YES;
				CLANG_WARN_STRICT_PROTOTYPES = YES;
				CLANG_WARN_SUSPICIOUS_MOVE = YES;
				CLANG_WARN_UNGUARDED_AVAILABILITY = YES_AGGRESSIVE;
				CLANG_WARN_UNREACHABLE_CODE = YES;
				CLANG_WARN__DUPLICATE_METHOD_MATCH = YES;
				CODE_SIGN_IDENTITY = "iPhone Developer";
				COPY_PHASE_STRIP = NO;
				DEBUG_INFORMATION_FORMAT = dwarf;
				ENABLE_STRICT_OBJC_MSGSEND = YES;
				ENABLE_TESTABILITY = YES;
				GCC_C_LANGUAGE_STANDARD = gnu11;
				GCC_DYNAMIC_NO_PIC = NO;
				GCC_NO_COMMON_BLOCKS = YES;
				GCC_OPTIMIZATION_LEVEL = 0;
				GCC_PREPROCESSOR_DEFINITIONS = (
					"DEBUG=1",
					"$(inherited)",
				);
				GCC_WARN_64_TO_32_BIT_CONVERSION = YES;
				GCC_WARN_ABOUT_RETURN_TYPE = YES_ERROR;
				GCC_WARN_UNDECLARED_SELECTOR = YES;
				GCC_WARN_UNINITIALIZED_AUTOS = YES_AGGRESSIVE;
				GCC_WARN_UNUSED_FUNCTION = YES;
				GCC_WARN_UNUSED_VARIABLE = YES;
				IPHONEOS_DEPLOYMENT_TARGET = 12.2;
				MTL_ENABLE_DEBUG_INFO = INCLUDE_SOURCE;
				MTL_FAST_MATH = YES;
				ONLY_ACTIVE_ARCH = YES;
				SDKROOT = iphoneos;
				SWIFT_ACTIVE_COMPILATION_CONDITIONS = DEBUG;
				SWIFT_OPTIMIZATION_LEVEL = "-Onone";
			};
			name = Debug;
		};
		8E72C7C122B070A800CFA087 /* Release */ = {
			isa = XCBuildConfiguration;
			buildSettings = {
				ALWAYS_SEARCH_USER_PATHS = NO;
				CLANG_ANALYZER_NONNULL = YES;
				CLANG_ANALYZER_NUMBER_OBJECT_CONVERSION = YES_AGGRESSIVE;
				CLANG_CXX_LANGUAGE_STANDARD = "gnu++14";
				CLANG_CXX_LIBRARY = "libc++";
				CLANG_ENABLE_MODULES = YES;
				CLANG_ENABLE_OBJC_ARC = YES;
				CLANG_ENABLE_OBJC_WEAK = YES;
				CLANG_WARN_BLOCK_CAPTURE_AUTORELEASING = YES;
				CLANG_WARN_BOOL_CONVERSION = YES;
				CLANG_WARN_COMMA = YES;
				CLANG_WARN_CONSTANT_CONVERSION = YES;
				CLANG_WARN_DEPRECATED_OBJC_IMPLEMENTATIONS = YES;
				CLANG_WARN_DIRECT_OBJC_ISA_USAGE = YES_ERROR;
				CLANG_WARN_DOCUMENTATION_COMMENTS = YES;
				CLANG_WARN_EMPTY_BODY = YES;
				CLANG_WARN_ENUM_CONVERSION = YES;
				CLANG_WARN_INFINITE_RECURSION = YES;
				CLANG_WARN_INT_CONVERSION = YES;
				CLANG_WARN_NON_LITERAL_NULL_CONVERSION = YES;
				CLANG_WARN_OBJC_IMPLICIT_RETAIN_SELF = YES;
				CLANG_WARN_OBJC_LITERAL_CONVERSION = YES;
				CLANG_WARN_OBJC_ROOT_CLASS = YES_ERROR;
				CLANG_WARN_RANGE_LOOP_ANALYSIS = YES;
				CLANG_WARN_STRICT_PROTOTYPES = YES;
				CLANG_WARN_SUSPICIOUS_MOVE = YES;
				CLANG_WARN_UNGUARDED_AVAILABILITY = YES_AGGRESSIVE;
				CLANG_WARN_UNREACHABLE_CODE = YES;
				CLANG_WARN__DUPLICATE_METHOD_MATCH = YES;
				CODE_SIGN_IDENTITY = "iPhone Developer";
				COPY_PHASE_STRIP = NO;
				DEBUG_INFORMATION_FORMAT = "dwarf-with-dsym";
				ENABLE_NS_ASSERTIONS = NO;
				ENABLE_STRICT_OBJC_MSGSEND = YES;
				GCC_C_LANGUAGE_STANDARD = gnu11;
				GCC_NO_COMMON_BLOCKS = YES;
				GCC_WARN_64_TO_32_BIT_CONVERSION = YES;
				GCC_WARN_ABOUT_RETURN_TYPE = YES_ERROR;
				GCC_WARN_UNDECLARED_SELECTOR = YES;
				GCC_WARN_UNINITIALIZED_AUTOS = YES_AGGRESSIVE;
				GCC_WARN_UNUSED_FUNCTION = YES;
				GCC_WARN_UNUSED_VARIABLE = YES;
				IPHONEOS_DEPLOYMENT_TARGET = 12.2;
				MTL_ENABLE_DEBUG_INFO = NO;
				MTL_FAST_MATH = YES;
				SDKROOT = iphoneos;
				SWIFT_COMPILATION_MODE = wholemodule;
				SWIFT_OPTIMIZATION_LEVEL = "-O";
				VALIDATE_PRODUCT = YES;
			};
			name = Release;
		};
		8E72C7C322B070A800CFA087 /* Debug */ = {
			isa = XCBuildConfiguration;
			baseConfigurationReference = 2A151141EE80CC0818333C1B /* Pods-MazeGenerator.debug.xcconfig */;
			buildSettings = {
				ASSETCATALOG_COMPILER_APPICON_NAME = AppIcon;
				CODE_SIGN_STYLE = Automatic;
				DEVELOPMENT_TEAM = 49H596ZHS6;
				INFOPLIST_FILE = MazeGenerator/Info.plist;
				LD_RUNPATH_SEARCH_PATHS = (
					"$(inherited)",
					"@executable_path/Frameworks",
				);
				PRODUCT_BUNDLE_IDENTIFIER = com.tindevelops.MazeGenerator;
				PRODUCT_NAME = "$(TARGET_NAME)";
				SWIFT_VERSION = 5.0;
				TARGETED_DEVICE_FAMILY = "1,2";
			};
			name = Debug;
		};
		8E72C7C422B070A800CFA087 /* Release */ = {
			isa = XCBuildConfiguration;
			baseConfigurationReference = F0FE1CFE6525C1CAD083555D /* Pods-MazeGenerator.release.xcconfig */;
			buildSettings = {
				ASSETCATALOG_COMPILER_APPICON_NAME = AppIcon;
				CODE_SIGN_STYLE = Automatic;
				DEVELOPMENT_TEAM = 49H596ZHS6;
				INFOPLIST_FILE = MazeGenerator/Info.plist;
				LD_RUNPATH_SEARCH_PATHS = (
					"$(inherited)",
					"@executable_path/Frameworks",
				);
				PRODUCT_BUNDLE_IDENTIFIER = com.tindevelops.MazeGenerator;
				PRODUCT_NAME = "$(TARGET_NAME)";
				SWIFT_VERSION = 5.0;
				TARGETED_DEVICE_FAMILY = "1,2";
			};
			name = Release;
		};
		8E72C7C622B070A800CFA087 /* Debug */ = {
			isa = XCBuildConfiguration;
			baseConfigurationReference = AAE7ACFCEF951355AEB0E4C7 /* Pods-MazeGeneratorTests.debug.xcconfig */;
			buildSettings = {
				ALWAYS_EMBED_SWIFT_STANDARD_LIBRARIES = YES;
				BUNDLE_LOADER = "$(TEST_HOST)";
				CODE_SIGN_STYLE = Automatic;
				DEVELOPMENT_TEAM = 49H596ZHS6;
				INFOPLIST_FILE = MazeGeneratorTests/Info.plist;
				LD_RUNPATH_SEARCH_PATHS = (
					"$(inherited)",
					"@executable_path/Frameworks",
					"@loader_path/Frameworks",
				);
				PRODUCT_BUNDLE_IDENTIFIER = com.tindevelops.MazeGeneratorTests;
				PRODUCT_NAME = "$(TARGET_NAME)";
				SWIFT_VERSION = 5.0;
				TARGETED_DEVICE_FAMILY = "1,2";
				TEST_HOST = "$(BUILT_PRODUCTS_DIR)/MazeGenerator.app/MazeGenerator";
			};
			name = Debug;
		};
		8E72C7C722B070A800CFA087 /* Release */ = {
			isa = XCBuildConfiguration;
			baseConfigurationReference = 3BC11A985A393C77537FC3E3 /* Pods-MazeGeneratorTests.release.xcconfig */;
			buildSettings = {
				ALWAYS_EMBED_SWIFT_STANDARD_LIBRARIES = YES;
				BUNDLE_LOADER = "$(TEST_HOST)";
				CODE_SIGN_STYLE = Automatic;
				DEVELOPMENT_TEAM = 49H596ZHS6;
				INFOPLIST_FILE = MazeGeneratorTests/Info.plist;
				LD_RUNPATH_SEARCH_PATHS = (
					"$(inherited)",
					"@executable_path/Frameworks",
					"@loader_path/Frameworks",
				);
				PRODUCT_BUNDLE_IDENTIFIER = com.tindevelops.MazeGeneratorTests;
				PRODUCT_NAME = "$(TARGET_NAME)";
				SWIFT_VERSION = 5.0;
				TARGETED_DEVICE_FAMILY = "1,2";
				TEST_HOST = "$(BUILT_PRODUCTS_DIR)/MazeGenerator.app/MazeGenerator";
			};
			name = Release;
		};
/* End XCBuildConfiguration section */

/* Begin XCConfigurationList section */
		8E72C7A022B070A700CFA087 /* Build configuration list for PBXProject "MazeGenerator" */ = {
			isa = XCConfigurationList;
			buildConfigurations = (
				8E72C7C022B070A800CFA087 /* Debug */,
				8E72C7C122B070A800CFA087 /* Release */,
			);
			defaultConfigurationIsVisible = 0;
			defaultConfigurationName = Release;
		};
		8E72C7C222B070A800CFA087 /* Build configuration list for PBXNativeTarget "MazeGenerator" */ = {
			isa = XCConfigurationList;
			buildConfigurations = (
				8E72C7C322B070A800CFA087 /* Debug */,
				8E72C7C422B070A800CFA087 /* Release */,
			);
			defaultConfigurationIsVisible = 0;
			defaultConfigurationName = Release;
		};
		8E72C7C522B070A800CFA087 /* Build configuration list for PBXNativeTarget "MazeGeneratorTests" */ = {
			isa = XCConfigurationList;
			buildConfigurations = (
				8E72C7C622B070A800CFA087 /* Debug */,
				8E72C7C722B070A800CFA087 /* Release */,
			);
			defaultConfigurationIsVisible = 0;
			defaultConfigurationName = Release;
		};
/* End XCConfigurationList section */
	};
	rootObject = 8E72C79D22B070A700CFA087 /* Project object */;
}
